
Microsoft Visual Studio Solution File, Format Version 12.00
# Visual Studio Version 16
VisualStudioVersion = 16.0.31112.23
MinimumVisualStudioVersion = 10.0.40219.1
Project("{8BC9CEB8-8B4A-11D0-8D11-00A0C91BC942}") = "Chat", "Chat.vcxproj", "{2BBE5B3B-B8F2-4568-9220-CA08C08861AB}"
EndProject
Global
	GlobalSection(SolutionConfigurationPlatforms) = preSolution
		Debug|x64 = Debug|x64
		Debug|x86 = Debug|x86
		Release|x64 = Release|x64
		Release|x86 = Release|x86
	EndGlobalSection
	GlobalSection(ProjectConfigurationPlatforms) = postSolution
		{2BBE5B3B-B8F2-4568-9220-CA08C08861AB}.Debug|x64.ActiveCfg = Debug|x64
		{2BBE5B3B-B8F2-4568-9220-CA08C08861AB}.Debug|x64.Build.0 = Debug|x64
		{2BBE5B3B-B8F2-4568-9220-CA08C08861AB}.Debug|x86.ActiveCfg = Debug|Win32
		{2BBE5B3B-B8F2-4568-9220-CA08C08861AB}.Debug|x86.Build.0 = Debug|Win32
		{2BBE5B3B-B8F2-4568-9220-CA08C08861AB}.Release|x64.ActiveCfg = Release|x64
		{2BBE5B3B-B8F2-4568-9220-CA08C08861AB}.Release|x64.Build.0 = Release|x64
		{2BBE5B3B-B8F2-4568-9220-CA08C08861AB}.Release|x86.ActiveCfg = Release|Win32
		{2BBE5B3B-B8F2-4568-9220-CA08C08861AB}.Release|x86.Build.0 = Release|Win32
	EndGlobalSection
	GlobalSection(SolutionProperties) = preSolution
		HideSolutionNode = FALSE
	EndGlobalSection
	GlobalSection(ExtensibilityGlobals) = postSolution
		SolutionGuid = {4CA70BB3-829F-46D6-96B1-BA84F7A66EE3}
	EndGlobalSection
EndGlobal
